
Microsoft Visual Studio Solution File, Format Version 12.00
# Visual Studio Version 17
VisualStudioVersion = 17.7.34221.43
MinimumVisualStudioVersion = 10.0.40219.1
Project("{9A19103F-16F7-4668-BE54-9A1E7A4F7556}") = "Equiposmd", "Equiposmd\Equiposmd.csproj", "{D55D7CFB-94BF-4332-BE88-2FF0FC3CBD88}"
EndProject
Project("{2150E333-8FDC-42A3-9474-1A3956D46DE8}") = "Solution Items", "Solution Items", "{C07F7D42-1507-4BDA-B0F4-3D4A5AA5B0A5}"
	ProjectSection(SolutionItems) = preProject
		.editorconfig = .editorconfig
	EndProjectSection
EndProject
Global
	GlobalSection(SolutionConfigurationPlatforms) = preSolution
		Debug|Any CPU = Debug|Any CPU
		Release|Any CPU = Release|Any CPU
	EndGlobalSection
	GlobalSection(ProjectConfigurationPlatforms) = postSolution
		{D55D7CFB-94BF-4332-BE88-2FF0FC3CBD88}.Debug|Any CPU.ActiveCfg = Debug|Any CPU
		{D55D7CFB-94BF-4332-BE88-2FF0FC3CBD88}.Debug|Any CPU.Build.0 = Debug|Any CPU
		{D55D7CFB-94BF-4332-BE88-2FF0FC3CBD88}.Release|Any CPU.ActiveCfg = Release|Any CPU
		{D55D7CFB-94BF-4332-BE88-2FF0FC3CBD88}.Release|Any CPU.Build.0 = Release|Any CPU
	EndGlobalSection
	GlobalSection(SolutionProperties) = preSolution
		HideSolutionNode = FALSE
	EndGlobalSection
	GlobalSection(ExtensibilityGlobals) = postSolution
		SolutionGuid = {A60A6E87-96D8-4D13-9AB7-57545FFD237E}
	EndGlobalSection
EndGlobal
